
Microsoft Visual Studio Solution File, Format Version 12.00
# Visual Studio 15
VisualStudioVersion = 15.0.28307.168
MinimumVisualStudioVersion = 10.0.40219.1
Project("{888888A0-9F3D-457C-B088-3A5042F75D52}") = "firstVsPythonTry", "firstVsPythonTry\firstVsPythonTry.pyproj", "{F253D03D-4B98-4DD0-9489-A2A55835F1A9}"
EndProject
Global
	GlobalSection(SolutionConfigurationPlatforms) = preSolution
		Debug|Any CPU = Debug|Any CPU
		Release|Any CPU = Release|Any CPU
	EndGlobalSection
	GlobalSection(ProjectConfigurationPlatforms) = postSolution
		{F253D03D-4B98-4DD0-9489-A2A55835F1A9}.Debug|Any CPU.ActiveCfg = Debug|Any CPU
		{F253D03D-4B98-4DD0-9489-A2A55835F1A9}.Release|Any CPU.ActiveCfg = Release|Any CPU
	EndGlobalSection
	GlobalSection(SolutionProperties) = preSolution
		HideSolutionNode = FALSE
	EndGlobalSection
	GlobalSection(ExtensibilityGlobals) = postSolution
		SolutionGuid = {C4C7BAC9-9EA6-49A5-93DE-0E2F75469675}
	EndGlobalSection
EndGlobal
